// !$*UTF8*$!
{
	archiveVersion = 1;
	classes = {
	};
	objectVersion = 46;
	objects = {

/* Begin PBXBuildFile section */
		6228D0D11E25F4F000C21901 /* Icono AR.png in Resources */ = {isa = PBXBuildFile; fileRef = 6228D0D01E25F4F000C21901 /* Icono AR.png */; };
		62474BCC1E1603FF00E3796C /* AppDelegate.swift in Sources */ = {isa = PBXBuildFile; fileRef = 62474BCB1E1603FF00E3796C /* AppDelegate.swift */; };
		62474BCE1E1603FF00E3796C /* ViewController.swift in Sources */ = {isa = PBXBuildFile; fileRef = 62474BCD1E1603FF00E3796C /* ViewController.swift */; };
		62474BD11E1603FF00E3796C /* Main.storyboard in Resources */ = {isa = PBXBuildFile; fileRef = 62474BCF1E1603FF00E3796C /* Main.storyboard */; };
		62474BD31E1603FF00E3796C /* Assets.xcassets in Resources */ = {isa = PBXBuildFile; fileRef = 62474BD21E1603FF00E3796C /* Assets.xcassets */; };
		62474BD61E1603FF00E3796C /* LaunchScreen.storyboard in Resources */ = {isa = PBXBuildFile; fileRef = 62474BD41E1603FF00E3796C /* LaunchScreen.storyboard */; };
		62474BDB1E1603FF00E3796C /* Ruta Final WatchKit App.app in Embed Watch Content */ = {isa = PBXBuildFile; fileRef = 62474BDA1E1603FF00E3796C /* Ruta Final WatchKit App.app */; };
		62474BE11E1603FF00E3796C /* Interface.storyboard in Resources */ = {isa = PBXBuildFile; fileRef = 62474BDF1E1603FF00E3796C /* Interface.storyboard */; };
		62474BE31E1603FF00E3796C /* Assets.xcassets in Resources */ = {isa = PBXBuildFile; fileRef = 62474BE21E1603FF00E3796C /* Assets.xcassets */; };
		62474BEA1E16040000E3796C /* Ruta Final WatchKit Extension.appex in Embed App Extensions */ = {isa = PBXBuildFile; fileRef = 62474BE91E16040000E3796C /* Ruta Final WatchKit Extension.appex */; settings = {ATTRIBUTES = (RemoveHeadersOnCopy, ); }; };
		62474BF11E16040000E3796C /* InterfaceController.swift in Sources */ = {isa = PBXBuildFile; fileRef = 62474BF01E16040000E3796C /* InterfaceController.swift */; };
		62474BF31E16040000E3796C /* ExtensionDelegate.swift in Sources */ = {isa = PBXBuildFile; fileRef = 62474BF21E16040000E3796C /* ExtensionDelegate.swift */; };
		62474BF51E16040000E3796C /* NotificationController.swift in Sources */ = {isa = PBXBuildFile; fileRef = 62474BF41E16040000E3796C /* NotificationController.swift */; };
		62474BF71E16040000E3796C /* Assets.xcassets in Resources */ = {isa = PBXBuildFile; fileRef = 62474BF61E16040000E3796C /* Assets.xcassets */; };
		62474C081E16054B00E3796C /* Icono Ruta.png in Resources */ = {isa = PBXBuildFile; fileRef = 62474C071E16054B00E3796C /* Icono Ruta.png */; };
		62474C0C1E160C1900E3796C /* Icono QR.png in Resources */ = {isa = PBXBuildFile; fileRef = 62474C0B1E160C1900E3796C /* Icono QR.png */; };
		62474C0E1E16111F00E3796C /* Icono Eventos.png in Resources */ = {isa = PBXBuildFile; fileRef = 62474C0D1E16111F00E3796C /* Icono Eventos.png */; };
		62474C101E16126300E3796C /* Icono Acerca.png in Resources */ = {isa = PBXBuildFile; fileRef = 62474C0F1E16126300E3796C /* Icono Acerca.png */; };
		62474C121E16177B00E3796C /* AcercaViewController.swift in Sources */ = {isa = PBXBuildFile; fileRef = 62474C111E16177B00E3796C /* AcercaViewController.swift */; };
		624925B61E2593C60071E1A6 /* ARealViewController.swift in Sources */ = {isa = PBXBuildFile; fileRef = 624925B51E2593C60071E1A6 /* ARealViewController.swift */; };
		627038711E25967C0018C091 /* ARAnnotation.swift in Sources */ = {isa = PBXBuildFile; fileRef = 6270386C1E25967C0018C091 /* ARAnnotation.swift */; };
		627038721E25967C0018C091 /* ARAnnotationView.swift in Sources */ = {isa = PBXBuildFile; fileRef = 6270386D1E25967C0018C091 /* ARAnnotationView.swift */; };
		627038731E25967C0018C091 /* ARConfiguration.swift in Sources */ = {isa = PBXBuildFile; fileRef = 6270386E1E25967C0018C091 /* ARConfiguration.swift */; };
		627038741E25967C0018C091 /* ARTrackingManager.swift in Sources */ = {isa = PBXBuildFile; fileRef = 6270386F1E25967C0018C091 /* ARTrackingManager.swift */; };
		627038751E25967C0018C091 /* ARViewController.swift in Sources */ = {isa = PBXBuildFile; fileRef = 627038701E25967C0018C091 /* ARViewController.swift */; };
		627038781E2596DC0018C091 /* DebugMapViewController.swift in Sources */ = {isa = PBXBuildFile; fileRef = 627038771E2596DC0018C091 /* DebugMapViewController.swift */; };
		6270387E1E2597460018C091 /* DebugMapViewController.xib in Resources */ = {isa = PBXBuildFile; fileRef = 6270387A1E2597460018C091 /* DebugMapViewController.xib */; };
		6270387F1E2597460018C091 /* hdar_close.png in Resources */ = {isa = PBXBuildFile; fileRef = 6270387B1E2597460018C091 /* hdar_close.png */; };
		627038801E2597460018C091 /* hdar_close@2x.png in Resources */ = {isa = PBXBuildFile; fileRef = 6270387C1E2597460018C091 /* hdar_close@2x.png */; };
		627038811E2597460018C091 /* hdar_close@3x.png in Resources */ = {isa = PBXBuildFile; fileRef = 6270387D1E2597460018C091 /* hdar_close@3x.png */; };
		627038841E259A250018C091 /* CoreLocation.framework in Frameworks */ = {isa = PBXBuildFile; fileRef = 627038831E259A250018C091 /* CoreLocation.framework */; };
		627038861E259A300018C091 /* CoreMotion.framework in Frameworks */ = {isa = PBXBuildFile; fileRef = 627038851E259A300018C091 /* CoreMotion.framework */; };
		627038881E259A3C0018C091 /* MapKit.framework in Frameworks */ = {isa = PBXBuildFile; fileRef = 627038871E259A3C0018C091 /* MapKit.framework */; };
		62AE80911E186BDC00B35F1A /* QRViewController.swift in Sources */ = {isa = PBXBuildFile; fileRef = 62AE80901E186BDC00B35F1A /* QRViewController.swift */; };
		62AE80931E186DB700B35F1A /* WebViewController.swift in Sources */ = {isa = PBXBuildFile; fileRef = 62AE80921E186DB700B35F1A /* WebViewController.swift */; };
		62AE80981E19404200B35F1A /* DetalleEventoViewController.swift in Sources */ = {isa = PBXBuildFile; fileRef = 62AE80971E19404200B35F1A /* DetalleEventoViewController.swift */; };
		62AE809A1E19502500B35F1A /* EventoTableViewController.swift in Sources */ = {isa = PBXBuildFile; fileRef = 62AE80991E19502500B35F1A /* EventoTableViewController.swift */; };
		62AE809E1E19903400B35F1A /* RutaTableViewController.swift in Sources */ = {isa = PBXBuildFile; fileRef = 62AE809D1E19903400B35F1A /* RutaTableViewController.swift */; };
		62AE80A11E19919600B35F1A /* RutasModel.xcdatamodeld in Sources */ = {isa = PBXBuildFile; fileRef = 62AE809F1E19919600B35F1A /* RutasModel.xcdatamodeld */; };
		62AE80A91E19B00500B35F1A /* CrearRutaViewController.swift in Sources */ = {isa = PBXBuildFile; fileRef = 62AE80A81E19B00500B35F1A /* CrearRutaViewController.swift */; };
		62AE80AB1E19D5E600B35F1A /* MapaViewController.swift in Sources */ = {isa = PBXBuildFile; fileRef = 62AE80AA1E19D5E600B35F1A /* MapaViewController.swift */; };
		62AE80AD1E1A913300B35F1A /* Icono camara.png in Resources */ = {isa = PBXBuildFile; fileRef = 62AE80AC1E1A913300B35F1A /* Icono camara.png */; };
		62AE80AF1E1A93BE00B35F1A /* FotoViewController.swift in Sources */ = {isa = PBXBuildFile; fileRef = 62AE80AE1E1A93BE00B35F1A /* FotoViewController.swift */; };
		62AE80B11E1A959A00B35F1A /* Icono QR 2.png in Resources */ = {isa = PBXBuildFile; fileRef = 62AE80B01E1A959A00B35F1A /* Icono QR 2.png */; };
		62AE80B31E1A9A8900B35F1A /* Icono Place.png in Resources */ = {isa = PBXBuildFile; fileRef = 62AE80B21E1A9A8900B35F1A /* Icono Place.png */; };
		62C6AC7B1E233A3D00DEE242 /* Icono Crear Ruta.png in Resources */ = {isa = PBXBuildFile; fileRef = 62C6AC7A1E233A3D00DEE242 /* Icono Crear Ruta.png */; };
		62C6AC7D1E233BF200DEE242 /* Icono Ayuda.png in Resources */ = {isa = PBXBuildFile; fileRef = 62C6AC7C1E233BF200DEE242 /* Icono Ayuda.png */; };
		62C6AC7F1E233D7400DEE242 /* Icono Ayuda Portada.png in Resources */ = {isa = PBXBuildFile; fileRef = 62C6AC7E1E233D7400DEE242 /* Icono Ayuda Portada.png */; };
		62C6AC821E233E8000DEE242 /* AyudaViewController.swift in Sources */ = {isa = PBXBuildFile; fileRef = 62C6AC811E233E8000DEE242 /* AyudaViewController.swift */; };
		62E041711E25F3C300ABBEC7 /* TestAnnotationView.swift in Sources */ = {isa = PBXBuildFile; fileRef = 62E041701E25F3C300ABBEC7 /* TestAnnotationView.swift */; };
/* End PBXBuildFile section */

/* Begin PBXContainerItemProxy section */
		62474BDC1E1603FF00E3796C /* PBXContainerItemProxy */ = {
			isa = PBXContainerItemProxy;
			containerPortal = 62474BC01E1603FF00E3796C /* Project object */;
			proxyType = 1;
			remoteGlobalIDString = 62474BD91E1603FF00E3796C;
			remoteInfo = "Ruta Final WatchKit App";
		};
		62474BEB1E16040000E3796C /* PBXContainerItemProxy */ = {
			isa = PBXContainerItemProxy;
			containerPortal = 62474BC01E1603FF00E3796C /* Project object */;
			proxyType = 1;
			remoteGlobalIDString = 62474BE81E16040000E3796C;
			remoteInfo = "Ruta Final WatchKit Extension";
		};
/* End PBXContainerItemProxy section */

/* Begin PBXCopyFilesBuildPhase section */
		62474BFE1E16040000E3796C /* Embed App Extensions */ = {
			isa = PBXCopyFilesBuildPhase;
			buildActionMask = 2147483647;
			dstPath = "";
			dstSubfolderSpec = 13;
			files = (
				62474BEA1E16040000E3796C /* Ruta Final WatchKit Extension.appex in Embed App Extensions */,
			);
			name = "Embed App Extensions";
			runOnlyForDeploymentPostprocessing = 0;
		};
		62474C021E16040000E3796C /* Embed Watch Content */ = {
			isa = PBXCopyFilesBuildPhase;
			buildActionMask = 2147483647;
			dstPath = "$(CONTENTS_FOLDER_PATH)/Watch";
			dstSubfolderSpec = 16;
			files = (
				62474BDB1E1603FF00E3796C /* Ruta Final WatchKit App.app in Embed Watch Content */,
			);
			name = "Embed Watch Content";
			runOnlyForDeploymentPostprocessing = 0;
		};
/* End PBXCopyFilesBuildPhase section */

/* Begin PBXFileReference section */
		6228D0D01E25F4F000C21901 /* Icono AR.png */ = {isa = PBXFileReference; lastKnownFileType = image.png; path = "Icono AR.png"; sourceTree = "<group>"; };
		62474BC81E1603FF00E3796C /* Ruta Final.app */ = {isa = PBXFileReference; explicitFileType = wrapper.application; includeInIndex = 0; path = "Ruta Final.app"; sourceTree = BUILT_PRODUCTS_DIR; };
		62474BCB1E1603FF00E3796C /* AppDelegate.swift */ = {isa = PBXFileReference; lastKnownFileType = sourcecode.swift; path = AppDelegate.swift; sourceTree = "<group>"; };
		62474BCD1E1603FF00E3796C /* ViewController.swift */ = {isa = PBXFileReference; lastKnownFileType = sourcecode.swift; path = ViewController.swift; sourceTree = "<group>"; };
		62474BD01E1603FF00E3796C /* Base */ = {isa = PBXFileReference; lastKnownFileType = file.storyboard; name = Base; path = Base.lproj/Main.storyboard; sourceTree = "<group>"; };
		62474BD21E1603FF00E3796C /* Assets.xcassets */ = {isa = PBXFileReference; lastKnownFileType = folder.assetcatalog; path = Assets.xcassets; sourceTree = "<group>"; };
		62474BD51E1603FF00E3796C /* Base */ = {isa = PBXFileReference; lastKnownFileType = file.storyboard; name = Base; path = Base.lproj/LaunchScreen.storyboard; sourceTree = "<group>"; };
		62474BD71E1603FF00E3796C /* Info.plist */ = {isa = PBXFileReference; lastKnownFileType = text.plist.xml; path = Info.plist; sourceTree = "<group>"; };
		62474BDA1E1603FF00E3796C /* Ruta Final WatchKit App.app */ = {isa = PBXFileReference; explicitFileType = wrapper.application; includeInIndex = 0; path = "Ruta Final WatchKit App.app"; sourceTree = BUILT_PRODUCTS_DIR; };
		62474BE01E1603FF00E3796C /* Base */ = {isa = PBXFileReference; lastKnownFileType = file.storyboard; name = Base; path = Base.lproj/Interface.storyboard; sourceTree = "<group>"; };
		62474BE21E1603FF00E3796C /* Assets.xcassets */ = {isa = PBXFileReference; lastKnownFileType = folder.assetcatalog; path = Assets.xcassets; sourceTree = "<group>"; };
		62474BE41E1603FF00E3796C /* Info.plist */ = {isa = PBXFileReference; lastKnownFileType = text.plist.xml; path = Info.plist; sourceTree = "<group>"; };
		62474BE91E16040000E3796C /* Ruta Final WatchKit Extension.appex */ = {isa = PBXFileReference; explicitFileType = "wrapper.app-extension"; includeInIndex = 0; path = "Ruta Final WatchKit Extension.appex"; sourceTree = BUILT_PRODUCTS_DIR; };
		62474BEF1E16040000E3796C /* PushNotificationPayload.apns */ = {isa = PBXFileReference; lastKnownFileType = text; path = PushNotificationPayload.apns; sourceTree = "<group>"; };
		62474BF01E16040000E3796C /* InterfaceController.swift */ = {isa = PBXFileReference; lastKnownFileType = sourcecode.swift; path = InterfaceController.swift; sourceTree = "<group>"; };
		62474BF21E16040000E3796C /* ExtensionDelegate.swift */ = {isa = PBXFileReference; lastKnownFileType = sourcecode.swift; path = ExtensionDelegate.swift; sourceTree = "<group>"; };
		62474BF41E16040000E3796C /* NotificationController.swift */ = {isa = PBXFileReference; lastKnownFileType = sourcecode.swift; path = NotificationController.swift; sourceTree = "<group>"; };
		62474BF61E16040000E3796C /* Assets.xcassets */ = {isa = PBXFileReference; lastKnownFileType = folder.assetcatalog; path = Assets.xcassets; sourceTree = "<group>"; };
		62474BF81E16040000E3796C /* Info.plist */ = {isa = PBXFileReference; lastKnownFileType = text.plist.xml; path = Info.plist; sourceTree = "<group>"; };
		62474C071E16054B00E3796C /* Icono Ruta.png */ = {isa = PBXFileReference; lastKnownFileType = image.png; path = "Icono Ruta.png"; sourceTree = "<group>"; };
		62474C0B1E160C1900E3796C /* Icono QR.png */ = {isa = PBXFileReference; lastKnownFileType = image.png; path = "Icono QR.png"; sourceTree = "<group>"; };
		62474C0D1E16111F00E3796C /* Icono Eventos.png */ = {isa = PBXFileReference; lastKnownFileType = image.png; path = "Icono Eventos.png"; sourceTree = "<group>"; };
		62474C0F1E16126300E3796C /* Icono Acerca.png */ = {isa = PBXFileReference; lastKnownFileType = image.png; path = "Icono Acerca.png"; sourceTree = "<group>"; };
		62474C111E16177B00E3796C /* AcercaViewController.swift */ = {isa = PBXFileReference; fileEncoding = 4; lastKnownFileType = sourcecode.swift; path = AcercaViewController.swift; sourceTree = "<group>"; };
		624925B51E2593C60071E1A6 /* ARealViewController.swift */ = {isa = PBXFileReference; fileEncoding = 4; lastKnownFileType = sourcecode.swift; path = ARealViewController.swift; sourceTree = "<group>"; };
		6270386C1E25967C0018C091 /* ARAnnotation.swift */ = {isa = PBXFileReference; fileEncoding = 4; lastKnownFileType = sourcecode.swift; path = ARAnnotation.swift; sourceTree = "<group>"; };
		6270386D1E25967C0018C091 /* ARAnnotationView.swift */ = {isa = PBXFileReference; fileEncoding = 4; lastKnownFileType = sourcecode.swift; path = ARAnnotationView.swift; sourceTree = "<group>"; };
		6270386E1E25967C0018C091 /* ARConfiguration.swift */ = {isa = PBXFileReference; fileEncoding = 4; lastKnownFileType = sourcecode.swift; path = ARConfiguration.swift; sourceTree = "<group>"; };
		6270386F1E25967C0018C091 /* ARTrackingManager.swift */ = {isa = PBXFileReference; fileEncoding = 4; lastKnownFileType = sourcecode.swift; path = ARTrackingManager.swift; sourceTree = "<group>"; };
		627038701E25967C0018C091 /* ARViewController.swift */ = {isa = PBXFileReference; fileEncoding = 4; lastKnownFileType = sourcecode.swift; path = ARViewController.swift; sourceTree = "<group>"; };
		627038771E2596DC0018C091 /* DebugMapViewController.swift */ = {isa = PBXFileReference; fileEncoding = 4; lastKnownFileType = sourcecode.swift; path = DebugMapViewController.swift; sourceTree = "<group>"; };
		6270387A1E2597460018C091 /* DebugMapViewController.xib */ = {isa = PBXFileReference; fileEncoding = 4; lastKnownFileType = file.xib; path = DebugMapViewController.xib; sourceTree = "<group>"; };
		6270387B1E2597460018C091 /* hdar_close.png */ = {isa = PBXFileReference; lastKnownFileType = image.png; path = hdar_close.png; sourceTree = "<group>"; };
		6270387C1E2597460018C091 /* hdar_close@2x.png */ = {isa = PBXFileReference; lastKnownFileType = image.png; path = "hdar_close@2x.png"; sourceTree = "<group>"; };
		6270387D1E2597460018C091 /* hdar_close@3x.png */ = {isa = PBXFileReference; lastKnownFileType = image.png; path = "hdar_close@3x.png"; sourceTree = "<group>"; };
		627038831E259A250018C091 /* CoreLocation.framework */ = {isa = PBXFileReference; lastKnownFileType = wrapper.framework; name = CoreLocation.framework; path = System/Library/Frameworks/CoreLocation.framework; sourceTree = SDKROOT; };
		627038851E259A300018C091 /* CoreMotion.framework */ = {isa = PBXFileReference; lastKnownFileType = wrapper.framework; name = CoreMotion.framework; path = System/Library/Frameworks/CoreMotion.framework; sourceTree = SDKROOT; };
		627038871E259A3C0018C091 /* MapKit.framework */ = {isa = PBXFileReference; lastKnownFileType = wrapper.framework; name = MapKit.framework; path = System/Library/Frameworks/MapKit.framework; sourceTree = SDKROOT; };
		62AE80901E186BDC00B35F1A /* QRViewController.swift */ = {isa = PBXFileReference; fileEncoding = 4; lastKnownFileType = sourcecode.swift; path = QRViewController.swift; sourceTree = "<group>"; };
		62AE80921E186DB700B35F1A /* WebViewController.swift */ = {isa = PBXFileReference; fileEncoding = 4; lastKnownFileType = sourcecode.swift; path = WebViewController.swift; sourceTree = "<group>"; };
		62AE80971E19404200B35F1A /* DetalleEventoViewController.swift */ = {isa = PBXFileReference; fileEncoding = 4; lastKnownFileType = sourcecode.swift; path = DetalleEventoViewController.swift; sourceTree = "<group>"; };
		62AE80991E19502500B35F1A /* EventoTableViewController.swift */ = {isa = PBXFileReference; fileEncoding = 4; lastKnownFileType = sourcecode.swift; path = EventoTableViewController.swift; sourceTree = "<group>"; };
		62AE809D1E19903400B35F1A /* RutaTableViewController.swift */ = {isa = PBXFileReference; fileEncoding = 4; lastKnownFileType = sourcecode.swift; path = RutaTableViewController.swift; sourceTree = "<group>"; };
		62AE80A01E19919600B35F1A /* RutasModel.xcdatamodel */ = {isa = PBXFileReference; lastKnownFileType = wrapper.xcdatamodel; path = RutasModel.xcdatamodel; sourceTree = "<group>"; };
		62AE80A81E19B00500B35F1A /* CrearRutaViewController.swift */ = {isa = PBXFileReference; fileEncoding = 4; lastKnownFileType = sourcecode.swift; path = CrearRutaViewController.swift; sourceTree = "<group>"; };
		62AE80AA1E19D5E600B35F1A /* MapaViewController.swift */ = {isa = PBXFileReference; fileEncoding = 4; lastKnownFileType = sourcecode.swift; path = MapaViewController.swift; sourceTree = "<group>"; };
		62AE80AC1E1A913300B35F1A /* Icono camara.png */ = {isa = PBXFileReference; lastKnownFileType = image.png; path = "Icono camara.png"; sourceTree = "<group>"; };
		62AE80AE1E1A93BE00B35F1A /* FotoViewController.swift */ = {isa = PBXFileReference; fileEncoding = 4; lastKnownFileType = sourcecode.swift; path = FotoViewController.swift; sourceTree = "<group>"; };
		62AE80B01E1A959A00B35F1A /* Icono QR 2.png */ = {isa = PBXFileReference; lastKnownFileType = image.png; path = "Icono QR 2.png"; sourceTree = "<group>"; };
		62AE80B21E1A9A8900B35F1A /* Icono Place.png */ = {isa = PBXFileReference; lastKnownFileType = image.png; path = "Icono Place.png"; sourceTree = "<group>"; };
		62C6AC7A1E233A3D00DEE242 /* Icono Crear Ruta.png */ = {isa = PBXFileReference; lastKnownFileType = image.png; path = "Icono Crear Ruta.png"; sourceTree = "<group>"; };
		62C6AC7C1E233BF200DEE242 /* Icono Ayuda.png */ = {isa = PBXFileReference; lastKnownFileType = image.png; path = "Icono Ayuda.png"; sourceTree = "<group>"; };
		62C6AC7E1E233D7400DEE242 /* Icono Ayuda Portada.png */ = {isa = PBXFileReference; lastKnownFileType = image.png; path = "Icono Ayuda Portada.png"; sourceTree = "<group>"; };
		62C6AC811E233E8000DEE242 /* AyudaViewController.swift */ = {isa = PBXFileReference; fileEncoding = 4; lastKnownFileType = sourcecode.swift; path = AyudaViewController.swift; sourceTree = "<group>"; };
		62E041701E25F3C300ABBEC7 /* TestAnnotationView.swift */ = {isa = PBXFileReference; fileEncoding = 4; lastKnownFileType = sourcecode.swift; path = TestAnnotationView.swift; sourceTree = "<group>"; };
/* End PBXFileReference section */

/* Begin PBXFrameworksBuildPhase section */
		62474BC51E1603FF00E3796C /* Frameworks */ = {
			isa = PBXFrameworksBuildPhase;
			buildActionMask = 2147483647;
			files = (
				627038881E259A3C0018C091 /* MapKit.framework in Frameworks */,
				627038861E259A300018C091 /* CoreMotion.framework in Frameworks */,
				627038841E259A250018C091 /* CoreLocation.framework in Frameworks */,
			);
			runOnlyForDeploymentPostprocessing = 0;
		};
		62474BE61E16040000E3796C /* Frameworks */ = {
			isa = PBXFrameworksBuildPhase;
			buildActionMask = 2147483647;
			files = (
			);
			runOnlyForDeploymentPostprocessing = 0;
		};
/* End PBXFrameworksBuildPhase section */

/* Begin PBXGroup section */
		62474BBF1E1603FF00E3796C = {
			isa = PBXGroup;
			children = (
				62474BCA1E1603FF00E3796C /* Ruta Final */,
				62474BDE1E1603FF00E3796C /* Ruta Final WatchKit App */,
				62474BED1E16040000E3796C /* Ruta Final WatchKit Extension */,
				62474BC91E1603FF00E3796C /* Products */,
				627038821E259A240018C091 /* Frameworks */,
			);
			sourceTree = "<group>";
		};
		62474BC91E1603FF00E3796C /* Products */ = {
			isa = PBXGroup;
			children = (
				62474BC81E1603FF00E3796C /* Ruta Final.app */,
				62474BDA1E1603FF00E3796C /* Ruta Final WatchKit App.app */,
				62474BE91E16040000E3796C /* Ruta Final WatchKit Extension.appex */,
			);
			name = Products;
			sourceTree = "<group>";
		};
		62474BCA1E1603FF00E3796C /* Ruta Final */ = {
			isa = PBXGroup;
			children = (
				62E041701E25F3C300ABBEC7 /* TestAnnotationView.swift */,
				627038791E2597160018C091 /* Resources */,
				624925B71E2594F50071E1A6 /* Classes */,
				62474BCB1E1603FF00E3796C /* AppDelegate.swift */,
				62474BCD1E1603FF00E3796C /* ViewController.swift */,
				62474BCF1E1603FF00E3796C /* Main.storyboard */,
				62AE809C1E198FB400B35F1A /* Rutas */,
				62AE809B1E198F8000B35F1A /* Acerca de */,
				62AE808F1E186B6800B35F1A /* QR Code */,
				62AE80941E193FF300B35F1A /* Eventos */,
				62C6AC801E233E1E00DEE242 /* Ayuda */,
				62474BD21E1603FF00E3796C /* Assets.xcassets */,
				62474BD41E1603FF00E3796C /* LaunchScreen.storyboard */,
				62474BD71E1603FF00E3796C /* Info.plist */,
				62474C061E16052E00E3796C /* Recursos */,
			);
			path = "Ruta Final";
			sourceTree = "<group>";
		};
		62474BDE1E1603FF00E3796C /* Ruta Final WatchKit App */ = {
			isa = PBXGroup;
			children = (
				62474BDF1E1603FF00E3796C /* Interface.storyboard */,
				62474BE21E1603FF00E3796C /* Assets.xcassets */,
				62474BE41E1603FF00E3796C /* Info.plist */,
			);
			path = "Ruta Final WatchKit App";
			sourceTree = "<group>";
		};
		62474BED1E16040000E3796C /* Ruta Final WatchKit Extension */ = {
			isa = PBXGroup;
			children = (
				62474BF01E16040000E3796C /* InterfaceController.swift */,
				62474BF21E16040000E3796C /* ExtensionDelegate.swift */,
				62474BF41E16040000E3796C /* NotificationController.swift */,
				62474BF61E16040000E3796C /* Assets.xcassets */,
				62474BF81E16040000E3796C /* Info.plist */,
				62474BEE1E16040000E3796C /* Supporting Files */,
			);
			path = "Ruta Final WatchKit Extension";
			sourceTree = "<group>";
		};
		62474BEE1E16040000E3796C /* Supporting Files */ = {
			isa = PBXGroup;
			children = (
				62474BEF1E16040000E3796C /* PushNotificationPayload.apns */,
			);
			name = "Supporting Files";
			sourceTree = "<group>";
		};
		62474C061E16052E00E3796C /* Recursos */ = {
			isa = PBXGroup;
			children = (
				62474C0F1E16126300E3796C /* Icono Acerca.png */,
				6228D0D01E25F4F000C21901 /* Icono AR.png */,
				62C6AC7C1E233BF200DEE242 /* Icono Ayuda.png */,
				62C6AC7E1E233D7400DEE242 /* Icono Ayuda Portada.png */,
				62AE80AC1E1A913300B35F1A /* Icono camara.png */,
				62C6AC7A1E233A3D00DEE242 /* Icono Crear Ruta.png */,
				62474C0D1E16111F00E3796C /* Icono Eventos.png */,
				62474C0B1E160C1900E3796C /* Icono QR.png */,
				62AE80B21E1A9A8900B35F1A /* Icono Place.png */,
				62AE80B01E1A959A00B35F1A /* Icono QR 2.png */,
				62474C071E16054B00E3796C /* Icono Ruta.png */,
			);
			name = Recursos;
			sourceTree = "<group>";
		};
		624925B71E2594F50071E1A6 /* Classes */ = {
			isa = PBXGroup;
			children = (
				627038761E2596BF0018C091 /* Debug */,
				6270386C1E25967C0018C091 /* ARAnnotation.swift */,
				6270386D1E25967C0018C091 /* ARAnnotationView.swift */,
				6270386E1E25967C0018C091 /* ARConfiguration.swift */,
				6270386F1E25967C0018C091 /* ARTrackingManager.swift */,
				627038701E25967C0018C091 /* ARViewController.swift */,
			);
			name = Classes;
			sourceTree = "<group>";
		};
		627038761E2596BF0018C091 /* Debug */ = {
			isa = PBXGroup;
			children = (
				627038771E2596DC0018C091 /* DebugMapViewController.swift */,
			);
			name = Debug;
			sourceTree = "<group>";
		};
		627038791E2597160018C091 /* Resources */ = {
			isa = PBXGroup;
			children = (
				6270387A1E2597460018C091 /* DebugMapViewController.xib */,
				6270387B1E2597460018C091 /* hdar_close.png */,
				6270387C1E2597460018C091 /* hdar_close@2x.png */,
				6270387D1E2597460018C091 /* hdar_close@3x.png */,
			);
			name = Resources;
			sourceTree = "<group>";
		};
		627038821E259A240018C091 /* Frameworks */ = {
			isa = PBXGroup;
			children = (
				627038871E259A3C0018C091 /* MapKit.framework */,
				627038851E259A300018C091 /* CoreMotion.framework */,
				627038831E259A250018C091 /* CoreLocation.framework */,
			);
			name = Frameworks;
			sourceTree = "<group>";
		};
		62AE808F1E186B6800B35F1A /* QR Code */ = {
			isa = PBXGroup;
			children = (
				62AE80901E186BDC00B35F1A /* QRViewController.swift */,
				62AE80921E186DB700B35F1A /* WebViewController.swift */,
			);
			name = "QR Code";
			sourceTree = "<group>";
		};
		62AE80941E193FF300B35F1A /* Eventos */ = {
			isa = PBXGroup;
			children = (
				62AE80991E19502500B35F1A /* EventoTableViewController.swift */,
				62AE80971E19404200B35F1A /* DetalleEventoViewController.swift */,
			);
			name = Eventos;
			sourceTree = "<group>";
		};
		62AE809B1E198F8000B35F1A /* Acerca de */ = {
			isa = PBXGroup;
			children = (
				62474C111E16177B00E3796C /* AcercaViewController.swift */,
			);
			name = "Acerca de";
			sourceTree = "<group>";
		};
		62AE809C1E198FB400B35F1A /* Rutas */ = {
			isa = PBXGroup;
			children = (
				62AE809D1E19903400B35F1A /* RutaTableViewController.swift */,
				62AE809F1E19919600B35F1A /* RutasModel.xcdatamodeld */,
				62AE80A81E19B00500B35F1A /* CrearRutaViewController.swift */,
				62AE80AA1E19D5E600B35F1A /* MapaViewController.swift */,
				62AE80AE1E1A93BE00B35F1A /* FotoViewController.swift */,
				624925B51E2593C60071E1A6 /* ARealViewController.swift */,
			);
			name = Rutas;
			sourceTree = "<group>";
		};
		62C6AC801E233E1E00DEE242 /* Ayuda */ = {
			isa = PBXGroup;
			children = (
				62C6AC811E233E8000DEE242 /* AyudaViewController.swift */,
			);
			name = Ayuda;
			sourceTree = "<group>";
		};
/* End PBXGroup section */

/* Begin PBXNativeTarget section */
		62474BC71E1603FF00E3796C /* Ruta Final */ = {
			isa = PBXNativeTarget;
			buildConfigurationList = 62474C031E16040000E3796C /* Build configuration list for PBXNativeTarget "Ruta Final" */;
			buildPhases = (
				62474BC41E1603FF00E3796C /* Sources */,
				62474BC51E1603FF00E3796C /* Frameworks */,
				62474BC61E1603FF00E3796C /* Resources */,
				62474C021E16040000E3796C /* Embed Watch Content */,
			);
			buildRules = (
			);
			dependencies = (
				62474BDD1E1603FF00E3796C /* PBXTargetDependency */,
			);
			name = "Ruta Final";
			productName = "Ruta Final";
			productReference = 62474BC81E1603FF00E3796C /* Ruta Final.app */;
			productType = "com.apple.product-type.application";
		};
		62474BD91E1603FF00E3796C /* Ruta Final WatchKit App */ = {
			isa = PBXNativeTarget;
			buildConfigurationList = 62474BFF1E16040000E3796C /* Build configuration list for PBXNativeTarget "Ruta Final WatchKit App" */;
			buildPhases = (
				62474BD81E1603FF00E3796C /* Resources */,
				62474BFE1E16040000E3796C /* Embed App Extensions */,
			);
			buildRules = (
			);
			dependencies = (
				62474BEC1E16040000E3796C /* PBXTargetDependency */,
			);
			name = "Ruta Final WatchKit App";
			productName = "Ruta Final WatchKit App";
			productReference = 62474BDA1E1603FF00E3796C /* Ruta Final WatchKit App.app */;
			productType = "com.apple.product-type.application.watchapp2";
		};
		62474BE81E16040000E3796C /* Ruta Final WatchKit Extension */ = {
			isa = PBXNativeTarget;
			buildConfigurationList = 62474BFB1E16040000E3796C /* Build configuration list for PBXNativeTarget "Ruta Final WatchKit Extension" */;
			buildPhases = (
				62474BE51E16040000E3796C /* Sources */,
				62474BE61E16040000E3796C /* Frameworks */,
				62474BE71E16040000E3796C /* Resources */,
			);
			buildRules = (
			);
			dependencies = (
			);
			name = "Ruta Final WatchKit Extension";
			productName = "Ruta Final WatchKit Extension";
			productReference = 62474BE91E16040000E3796C /* Ruta Final WatchKit Extension.appex */;
			productType = "com.apple.product-type.watchkit2-extension";
		};
/* End PBXNativeTarget section */

/* Begin PBXProject section */
		62474BC01E1603FF00E3796C /* Project object */ = {
			isa = PBXProject;
			attributes = {
				LastSwiftUpdateCheck = 0820;
				LastUpgradeCheck = 0820;
				ORGANIZATIONNAME = AppArt;
				TargetAttributes = {
					62474BC71E1603FF00E3796C = {
						CreatedOnToolsVersion = 8.2.1;
						DevelopmentTeam = 7RX683DJ65;
						ProvisioningStyle = Automatic;
					};
					62474BD91E1603FF00E3796C = {
						CreatedOnToolsVersion = 8.2.1;
						DevelopmentTeam = 7RX683DJ65;
						ProvisioningStyle = Automatic;
					};
					62474BE81E16040000E3796C = {
						CreatedOnToolsVersion = 8.2.1;
						DevelopmentTeam = 7RX683DJ65;
						ProvisioningStyle = Automatic;
					};
				};
			};
			buildConfigurationList = 62474BC31E1603FF00E3796C /* Build configuration list for PBXProject "Ruta Final" */;
			compatibilityVersion = "Xcode 3.2";
			developmentRegion = English;
			hasScannedForEncodings = 0;
			knownRegions = (
				en,
				Base,
			);
			mainGroup = 62474BBF1E1603FF00E3796C;
			productRefGroup = 62474BC91E1603FF00E3796C /* Products */;
			projectDirPath = "";
			projectRoot = "";
			targets = (
				62474BC71E1603FF00E3796C /* Ruta Final */,
				62474BD91E1603FF00E3796C /* Ruta Final WatchKit App */,
				62474BE81E16040000E3796C /* Ruta Final WatchKit Extension */,
			);
		};
/* End PBXProject section */

/* Begin PBXResourcesBuildPhase section */
		62474BC61E1603FF00E3796C /* Resources */ = {
			isa = PBXResourcesBuildPhase;
			buildActionMask = 2147483647;
			files = (
				62AE80B11E1A959A00B35F1A /* Icono QR 2.png in Resources */,
				6270387F1E2597460018C091 /* hdar_close.png in Resources */,
				627038801E2597460018C091 /* hdar_close@2x.png in Resources */,
				62AE80AD1E1A913300B35F1A /* Icono camara.png in Resources */,
				62474BD61E1603FF00E3796C /* LaunchScreen.storyboard in Resources */,
				6270387E1E2597460018C091 /* DebugMapViewController.xib in Resources */,
				62C6AC7F1E233D7400DEE242 /* Icono Ayuda Portada.png in Resources */,
				62474C0C1E160C1900E3796C /* Icono QR.png in Resources */,
				62474C101E16126300E3796C /* Icono Acerca.png in Resources */,
				627038811E2597460018C091 /* hdar_close@3x.png in Resources */,
				62AE80B31E1A9A8900B35F1A /* Icono Place.png in Resources */,
				62474C0E1E16111F00E3796C /* Icono Eventos.png in Resources */,
				62474C081E16054B00E3796C /* Icono Ruta.png in Resources */,
				62C6AC7B1E233A3D00DEE242 /* Icono Crear Ruta.png in Resources */,
				6228D0D11E25F4F000C21901 /* Icono AR.png in Resources */,
				62474BD31E1603FF00E3796C /* Assets.xcassets in Resources */,
				62C6AC7D1E233BF200DEE242 /* Icono Ayuda.png in Resources */,
				62474BD11E1603FF00E3796C /* Main.storyboard in Resources */,
			);
			runOnlyForDeploymentPostprocessing = 0;
		};
		62474BD81E1603FF00E3796C /* Resources */ = {
			isa = PBXResourcesBuildPhase;
			buildActionMask = 2147483647;
			files = (
				62474BE31E1603FF00E3796C /* Assets.xcassets in Resources */,
				62474BE11E1603FF00E3796C /* Interface.storyboard in Resources */,
			);
			runOnlyForDeploymentPostprocessing = 0;
		};
		62474BE71E16040000E3796C /* Resources */ = {
			isa = PBXResourcesBuildPhase;
			buildActionMask = 2147483647;
			files = (
				62474BF71E16040000E3796C /* Assets.xcassets in Resources */,
			);
			runOnlyForDeploymentPostprocessing = 0;
		};
/* End PBXResourcesBuildPhase section */

/* Begin PBXSourcesBuildPhase section */
		62474BC41E1603FF00E3796C /* Sources */ = {
			isa = PBXSourcesBuildPhase;
			buildActionMask = 2147483647;
			files = (
				62AE80AB1E19D5E600B35F1A /* MapaViewController.swift in Sources */,
				62AE80981E19404200B35F1A /* DetalleEventoViewController.swift in Sources */,
				627038731E25967C0018C091 /* ARConfiguration.swift in Sources */,
				627038781E2596DC0018C091 /* DebugMapViewController.swift in Sources */,
				62E041711E25F3C300ABBEC7 /* TestAnnotationView.swift in Sources */,
				627038741E25967C0018C091 /* ARTrackingManager.swift in Sources */,
				62474BCE1E1603FF00E3796C /* ViewController.swift in Sources */,
				62AE809A1E19502500B35F1A /* EventoTableViewController.swift in Sources */,
				62AE80A11E19919600B35F1A /* RutasModel.xcdatamodeld in Sources */,
				62AE809E1E19903400B35F1A /* RutaTableViewController.swift in Sources */,
				62C6AC821E233E8000DEE242 /* AyudaViewController.swift in Sources */,
				624925B61E2593C60071E1A6 /* ARealViewController.swift in Sources */,
				62474C121E16177B00E3796C /* AcercaViewController.swift in Sources */,
				62AE80A91E19B00500B35F1A /* CrearRutaViewController.swift in Sources */,
				627038721E25967C0018C091 /* ARAnnotationView.swift in Sources */,
				62AE80911E186BDC00B35F1A /* QRViewController.swift in Sources */,
				627038751E25967C0018C091 /* ARViewController.swift in Sources */,
				62AE80931E186DB700B35F1A /* WebViewController.swift in Sources */,
				62AE80AF1E1A93BE00B35F1A /* FotoViewController.swift in Sources */,
				627038711E25967C0018C091 /* ARAnnotation.swift in Sources */,
				62474BCC1E1603FF00E3796C /* AppDelegate.swift in Sources */,
			);
			runOnlyForDeploymentPostprocessing = 0;
		};
		62474BE51E16040000E3796C /* Sources */ = {
			isa = PBXSourcesBuildPhase;
			buildActionMask = 2147483647;
			files = (
				62474BF51E16040000E3796C /* NotificationController.swift in Sources */,
				62474BF31E16040000E3796C /* ExtensionDelegate.swift in Sources */,
				62474BF11E16040000E3796C /* InterfaceController.swift in Sources */,
			);
			runOnlyForDeploymentPostprocessing = 0;
		};
/* End PBXSourcesBuildPhase section */

/* Begin PBXTargetDependency section */
		62474BDD1E1603FF00E3796C /* PBXTargetDependency */ = {
			isa = PBXTargetDependency;
			target = 62474BD91E1603FF00E3796C /* Ruta Final WatchKit App */;
			targetProxy = 62474BDC1E1603FF00E3796C /* PBXContainerItemProxy */;
		};
		62474BEC1E16040000E3796C /* PBXTargetDependency */ = {
			isa = PBXTargetDependency;
			target = 62474BE81E16040000E3796C /* Ruta Final WatchKit Extension */;
			targetProxy = 62474BEB1E16040000E3796C /* PBXContainerItemProxy */;
		};
/* End PBXTargetDependency section */

/* Begin PBXVariantGroup section */
		62474BCF1E1603FF00E3796C /* Main.storyboard */ = {
			isa = PBXVariantGroup;
			children = (
				62474BD01E1603FF00E3796C /* Base */,
			);
			name = Main.storyboard;
			sourceTree = "<group>";
		};
		62474BD41E1603FF00E3796C /* LaunchScreen.storyboard */ = {
			isa = PBXVariantGroup;
			children = (
				62474BD51E1603FF00E3796C /* Base */,
			);
			name = LaunchScreen.storyboard;
			sourceTree = "<group>";
		};
		62474BDF1E1603FF00E3796C /* Interface.storyboard */ = {
			isa = PBXVariantGroup;
			children = (
				62474BE01E1603FF00E3796C /* Base */,
			);
			name = Interface.storyboard;
			sourceTree = "<group>";
		};
/* End PBXVariantGroup section */

/* Begin XCBuildConfiguration section */
		62474BF91E16040000E3796C /* Debug */ = {
			isa = XCBuildConfiguration;
			buildSettings = {
				ALWAYS_SEARCH_USER_PATHS = NO;
				CLANG_ANALYZER_NONNULL = YES;
				CLANG_CXX_LANGUAGE_STANDARD = "gnu++0x";
				CLANG_CXX_LIBRARY = "libc++";
				CLANG_ENABLE_MODULES = YES;
				CLANG_ENABLE_OBJC_ARC = YES;
				CLANG_WARN_BOOL_CONVERSION = YES;
				CLANG_WARN_CONSTANT_CONVERSION = YES;
				CLANG_WARN_DIRECT_OBJC_ISA_USAGE = YES_ERROR;
				CLANG_WARN_DOCUMENTATION_COMMENTS = YES;
				CLANG_WARN_EMPTY_BODY = YES;
				CLANG_WARN_ENUM_CONVERSION = YES;
				CLANG_WARN_INFINITE_RECURSION = YES;
				CLANG_WARN_INT_CONVERSION = YES;
				CLANG_WARN_OBJC_ROOT_CLASS = YES_ERROR;
				CLANG_WARN_SUSPICIOUS_MOVE = YES;
				CLANG_WARN_UNREACHABLE_CODE = YES;
				CLANG_WARN__DUPLICATE_METHOD_MATCH = YES;
				"CODE_SIGN_IDENTITY[sdk=iphoneos*]" = "iPhone Developer";
				COPY_PHASE_STRIP = NO;
				DEBUG_INFORMATION_FORMAT = dwarf;
				ENABLE_STRICT_OBJC_MSGSEND = YES;
				ENABLE_TESTABILITY = YES;
				GCC_C_LANGUAGE_STANDARD = gnu99;
				GCC_DYNAMIC_NO_PIC = NO;
				GCC_NO_COMMON_BLOCKS = YES;
				GCC_OPTIMIZATION_LEVEL = 0;
				GCC_PREPROCESSOR_DEFINITIONS = (
					"DEBUG=1",
					"$(inherited)",
				);
				GCC_WARN_64_TO_32_BIT_CONVERSION = YES;
				GCC_WARN_ABOUT_RETURN_TYPE = YES_ERROR;
				GCC_WARN_UNDECLARED_SELECTOR = YES;
				GCC_WARN_UNINITIALIZED_AUTOS = YES_AGGRESSIVE;
				GCC_WARN_UNUSED_FUNCTION = YES;
				GCC_WARN_UNUSED_VARIABLE = YES;
				IPHONEOS_DEPLOYMENT_TARGET = 10.2;
				MTL_ENABLE_DEBUG_INFO = YES;
				ONLY_ACTIVE_ARCH = YES;
				SDKROOT = iphoneos;
				SWIFT_ACTIVE_COMPILATION_CONDITIONS = DEBUG;
				SWIFT_OPTIMIZATION_LEVEL = "-Onone";
			};
			name = Debug;
		};
		62474BFA1E16040000E3796C /* Release */ = {
			isa = XCBuildConfiguration;
			buildSettings = {
				ALWAYS_SEARCH_USER_PATHS = NO;
				CLANG_ANALYZER_NONNULL = YES;
				CLANG_CXX_LANGUAGE_STANDARD = "gnu++0x";
				CLANG_CXX_LIBRARY = "libc++";
				CLANG_ENABLE_MODULES = YES;
				CLANG_ENABLE_OBJC_ARC = YES;
				CLANG_WARN_BOOL_CONVERSION = YES;
				CLANG_WARN_CONSTANT_CONVERSION = YES;
				CLANG_WARN_DIRECT_OBJC_ISA_USAGE = YES_ERROR;
				CLANG_WARN_DOCUMENTATION_COMMENTS = YES;
				CLANG_WARN_EMPTY_BODY = YES;
				CLANG_WARN_ENUM_CONVERSION = YES;
				CLANG_WARN_INFINITE_RECURSION = YES;
				CLANG_WARN_INT_CONVERSION = YES;
				CLANG_WARN_OBJC_ROOT_CLASS = YES_ERROR;
				CLANG_WARN_SUSPICIOUS_MOVE = YES;
				CLANG_WARN_UNREACHABLE_CODE = YES;
				CLANG_WARN__DUPLICATE_METHOD_MATCH = YES;
				"CODE_SIGN_IDENTITY[sdk=iphoneos*]" = "iPhone Developer";
				COPY_PHASE_STRIP = NO;
				DEBUG_INFORMATION_FORMAT = "dwarf-with-dsym";
				ENABLE_NS_ASSERTIONS = NO;
				ENABLE_STRICT_OBJC_MSGSEND = YES;
				GCC_C_LANGUAGE_STANDARD = gnu99;
				GCC_NO_COMMON_BLOCKS = YES;
				GCC_WARN_64_TO_32_BIT_CONVERSION = YES;
				GCC_WARN_ABOUT_RETURN_TYPE = YES_ERROR;
				GCC_WARN_UNDECLARED_SELECTOR = YES;
				GCC_WARN_UNINITIALIZED_AUTOS = YES_AGGRESSIVE;
				GCC_WARN_UNUSED_FUNCTION = YES;
				GCC_WARN_UNUSED_VARIABLE = YES;
				IPHONEOS_DEPLOYMENT_TARGET = 10.2;
				MTL_ENABLE_DEBUG_INFO = NO;
				SDKROOT = iphoneos;
				SWIFT_OPTIMIZATION_LEVEL = "-Owholemodule";
				VALIDATE_PRODUCT = YES;
			};
			name = Release;
		};
		62474BFC1E16040000E3796C /* Debug */ = {
			isa = XCBuildConfiguration;
			buildSettings = {
				ASSETCATALOG_COMPILER_COMPLICATION_NAME = Complication;
				DEVELOPMENT_TEAM = 7RX683DJ65;
				INFOPLIST_FILE = "Ruta Final WatchKit Extension/Info.plist";
				LD_RUNPATH_SEARCH_PATHS = "$(inherited) @executable_path/Frameworks @executable_path/../../Frameworks";
				PRODUCT_BUNDLE_IDENTIFIER = "cl.appart.Ruta-Final.watchkitapp.watchkitextension";
				PRODUCT_NAME = "${TARGET_NAME}";
				SDKROOT = watchos;
				SKIP_INSTALL = YES;
				SWIFT_VERSION = 3.0;
				TARGETED_DEVICE_FAMILY = 4;
				WATCHOS_DEPLOYMENT_TARGET = 3.1;
			};
			name = Debug;
		};
		62474BFD1E16040000E3796C /* Release */ = {
			isa = XCBuildConfiguration;
			buildSettings = {
				ASSETCATALOG_COMPILER_COMPLICATION_NAME = Complication;
				DEVELOPMENT_TEAM = 7RX683DJ65;
				INFOPLIST_FILE = "Ruta Final WatchKit Extension/Info.plist";
				LD_RUNPATH_SEARCH_PATHS = "$(inherited) @executable_path/Frameworks @executable_path/../../Frameworks";
				PRODUCT_BUNDLE_IDENTIFIER = "cl.appart.Ruta-Final.watchkitapp.watchkitextension";
				PRODUCT_NAME = "${TARGET_NAME}";
				SDKROOT = watchos;
				SKIP_INSTALL = YES;
				SWIFT_VERSION = 3.0;
				TARGETED_DEVICE_FAMILY = 4;
				WATCHOS_DEPLOYMENT_TARGET = 3.1;
			};
			name = Release;
		};
		62474C001E16040000E3796C /* Debug */ = {
			isa = XCBuildConfiguration;
			buildSettings = {
				ALWAYS_EMBED_SWIFT_STANDARD_LIBRARIES = YES;
				ASSETCATALOG_COMPILER_APPICON_NAME = AppIcon;
				DEVELOPMENT_TEAM = 7RX683DJ65;
				IBSC_MODULE = Ruta_Final_WatchKit_Extension;
				INFOPLIST_FILE = "Ruta Final WatchKit App/Info.plist";
				PRODUCT_BUNDLE_IDENTIFIER = "cl.appart.Ruta-Final.watchkitapp";
				PRODUCT_NAME = "$(TARGET_NAME)";
				SDKROOT = watchos;
				SKIP_INSTALL = YES;
				SWIFT_VERSION = 3.0;
				TARGETED_DEVICE_FAMILY = 4;
				WATCHOS_DEPLOYMENT_TARGET = 3.1;
			};
			name = Debug;
		};
		62474C011E16040000E3796C /* Release */ = {
			isa = XCBuildConfiguration;
			buildSettings = {
				ALWAYS_EMBED_SWIFT_STANDARD_LIBRARIES = YES;
				ASSETCATALOG_COMPILER_APPICON_NAME = AppIcon;
				DEVELOPMENT_TEAM = 7RX683DJ65;
				IBSC_MODULE = Ruta_Final_WatchKit_Extension;
				INFOPLIST_FILE = "Ruta Final WatchKit App/Info.plist";
				PRODUCT_BUNDLE_IDENTIFIER = "cl.appart.Ruta-Final.watchkitapp";
				PRODUCT_NAME = "$(TARGET_NAME)";
				SDKROOT = watchos;
				SKIP_INSTALL = YES;
				SWIFT_VERSION = 3.0;
				TARGETED_DEVICE_FAMILY = 4;
				WATCHOS_DEPLOYMENT_TARGET = 3.1;
			};
			name = Release;
		};
		62474C041E16040000E3796C /* Debug */ = {
			isa = XCBuildConfiguration;
			buildSettings = {
				ASSETCATALOG_COMPILER_APPICON_NAME = AppIcon;
				DEVELOPMENT_TEAM = 7RX683DJ65;
				INFOPLIST_FILE = "Ruta Final/Info.plist";
				LD_RUNPATH_SEARCH_PATHS = "$(inherited) @executable_path/Frameworks";
				PRODUCT_BUNDLE_IDENTIFIER = "cl.appart.Ruta-Final";
				PRODUCT_NAME = "$(TARGET_NAME)";
				SWIFT_VERSION = 3.0;
			};
			name = Debug;
		};
		62474C051E16040000E3796C /* Release */ = {
			isa = XCBuildConfiguration;
			buildSettings = {
				ASSETCATALOG_COMPILER_APPICON_NAME = AppIcon;
				DEVELOPMENT_TEAM = 7RX683DJ65;
				INFOPLIST_FILE = "Ruta Final/Info.plist";
				LD_RUNPATH_SEARCH_PATHS = "$(inherited) @executable_path/Frameworks";
				PRODUCT_BUNDLE_IDENTIFIER = "cl.appart.Ruta-Final";
				PRODUCT_NAME = "$(TARGET_NAME)";
				SWIFT_VERSION = 3.0;
			};
			name = Release;
		};
/* End XCBuildConfiguration section */

/* Begin XCConfigurationList section */
		62474BC31E1603FF00E3796C /* Build configuration list for PBXProject "Ruta Final" */ = {
			isa = XCConfigurationList;
			buildConfigurations = (
				62474BF91E16040000E3796C /* Debug */,
				62474BFA1E16040000E3796C /* Release */,
			);
			defaultConfigurationIsVisible = 0;
			defaultConfigurationName = Release;
		};
		62474BFB1E16040000E3796C /* Build configuration list for PBXNativeTarget "Ruta Final WatchKit Extension" */ = {
			isa = XCConfigurationList;
			buildConfigurations = (
				62474BFC1E16040000E3796C /* Debug */,
				62474BFD1E16040000E3796C /* Release */,
			);
			defaultConfigurationIsVisible = 0;
			defaultConfigurationName = Release;
		};
		62474BFF1E16040000E3796C /* Build configuration list for PBXNativeTarget "Ruta Final WatchKit App" */ = {
			isa = XCConfigurationList;
			buildConfigurations = (
				62474C001E16040000E3796C /* Debug */,
				62474C011E16040000E3796C /* Release */,
			);
			defaultConfigurationIsVisible = 0;
			defaultConfigurationName = Release;
		};
		62474C031E16040000E3796C /* Build configuration list for PBXNativeTarget "Ruta Final" */ = {
			isa = XCConfigurationList;
			buildConfigurations = (
				62474C041E16040000E3796C /* Debug */,
				62474C051E16040000E3796C /* Release */,
			);
			defaultConfigurationIsVisible = 0;
			defaultConfigurationName = Release;
		};
/* End XCConfigurationList section */

/* Begin XCVersionGroup section */
		62AE809F1E19919600B35F1A /* RutasModel.xcdatamodeld */ = {
			isa = XCVersionGroup;
			children = (
				62AE80A01E19919600B35F1A /* RutasModel.xcdatamodel */,
			);
			currentVersion = 62AE80A01E19919600B35F1A /* RutasModel.xcdatamodel */;
			path = RutasModel.xcdatamodeld;
			sourceTree = "<group>";
			versionGroupType = wrapper.xcdatamodel;
		};
/* End XCVersionGroup section */
	};
	rootObject = 62474BC01E1603FF00E3796C /* Project object */;
}
